
Microsoft Visual Studio Solution File, Format Version 12.00
# Visual Studio 15
Project("{FAE04EC0-301F-11D3-BF4B-00C04F79EFBC}") = "Assembly-CSharp", "Assembly-CSharp.csproj", "{10DAAC46-E46B-1963-1E14-414D9301D94D}"
EndProject
Project("{FAE04EC0-301F-11D3-BF4B-00C04F79EFBC}") = "FMODUnity", "FMODUnity.csproj", "{0F1CF260-F762-26C8-13D9-6D95B29FB6A5}"
EndProject
Project("{FAE04EC0-301F-11D3-BF4B-00C04F79EFBC}") = "FMODUnityEditor", "FMODUnityEditor.csproj", "{1E39D2DB-5C3A-44D0-0A82-8F224915A500}"
EndProject
Project("{FAE04EC0-301F-11D3-BF4B-00C04F79EFBC}") = "FMODUnityResonanceEditor", "FMODUnityResonanceEditor.csproj", "{BD0DDBAA-CD62-6C5B-7596-1FC0DE9D5EC4}"
EndProject
Project("{FAE04EC0-301F-11D3-BF4B-00C04F79EFBC}") = "FMODUnityResonance", "FMODUnityResonance.csproj", "{FB41F9AE-4A8F-FFC0-6003-8C5FCD918ADF}"
EndProject
Global
	GlobalSection(SolutionConfigurationPlatforms) = preSolution
		Debug|Any CPU = Debug|Any CPU
		Release|Any CPU = Release|Any CPU
	EndGlobalSection
	GlobalSection(ProjectConfigurationPlatforms) = postSolution
		{10DAAC46-E46B-1963-1E14-414D9301D94D}.Debug|Any CPU.ActiveCfg = Debug|Any CPU
		{10DAAC46-E46B-1963-1E14-414D9301D94D}.Debug|Any CPU.Build.0 = Debug|Any CPU
		{10DAAC46-E46B-1963-1E14-414D9301D94D}.Release|Any CPU.ActiveCfg = Release|Any CPU
		{10DAAC46-E46B-1963-1E14-414D9301D94D}.Release|Any CPU.Build.0 = Release|Any CPU
		{0F1CF260-F762-26C8-13D9-6D95B29FB6A5}.Debug|Any CPU.ActiveCfg = Debug|Any CPU
		{0F1CF260-F762-26C8-13D9-6D95B29FB6A5}.Debug|Any CPU.Build.0 = Debug|Any CPU
		{0F1CF260-F762-26C8-13D9-6D95B29FB6A5}.Release|Any CPU.ActiveCfg = Release|Any CPU
		{0F1CF260-F762-26C8-13D9-6D95B29FB6A5}.Release|Any CPU.Build.0 = Release|Any CPU
		{1E39D2DB-5C3A-44D0-0A82-8F224915A500}.Debug|Any CPU.ActiveCfg = Debug|Any CPU
		{1E39D2DB-5C3A-44D0-0A82-8F224915A500}.Debug|Any CPU.Build.0 = Debug|Any CPU
		{1E39D2DB-5C3A-44D0-0A82-8F224915A500}.Release|Any CPU.ActiveCfg = Release|Any CPU
		{1E39D2DB-5C3A-44D0-0A82-8F224915A500}.Release|Any CPU.Build.0 = Release|Any CPU
		{BD0DDBAA-CD62-6C5B-7596-1FC0DE9D5EC4}.Debug|Any CPU.ActiveCfg = Debug|Any CPU
		{BD0DDBAA-CD62-6C5B-7596-1FC0DE9D5EC4}.Debug|Any CPU.Build.0 = Debug|Any CPU
		{BD0DDBAA-CD62-6C5B-7596-1FC0DE9D5EC4}.Release|Any CPU.ActiveCfg = Release|Any CPU
		{BD0DDBAA-CD62-6C5B-7596-1FC0DE9D5EC4}.Release|Any CPU.Build.0 = Release|Any CPU
		{FB41F9AE-4A8F-FFC0-6003-8C5FCD918ADF}.Debug|Any CPU.ActiveCfg = Debug|Any CPU
		{FB41F9AE-4A8F-FFC0-6003-8C5FCD918ADF}.Debug|Any CPU.Build.0 = Debug|Any CPU
		{FB41F9AE-4A8F-FFC0-6003-8C5FCD918ADF}.Release|Any CPU.ActiveCfg = Release|Any CPU
		{FB41F9AE-4A8F-FFC0-6003-8C5FCD918ADF}.Release|Any CPU.Build.0 = Release|Any CPU
	EndGlobalSection
	GlobalSection(SolutionProperties) = preSolution
		HideSolutionNode = FALSE
	EndGlobalSection
EndGlobal
